
Microsoft Visual Studio Solution File, Format Version 12.00
# Visual Studio Version 16
VisualStudioVersion = 16.0.30225.117
MinimumVisualStudioVersion = 10.0.40219.1
Project("{FAE04EC0-301F-11D3-BF4B-00C04F79EFBC}") = "MoviesAPIWork", "MoviesAPIWork.csproj", "{68140195-19D3-4D33-9DEB-A2E774575FC0}"
EndProject
Global
	GlobalSection(SolutionConfigurationPlatforms) = preSolution
		Debug|Any CPU = Debug|Any CPU
		Release|Any CPU = Release|Any CPU
	EndGlobalSection
	GlobalSection(ProjectConfigurationPlatforms) = postSolution
		{68140195-19D3-4D33-9DEB-A2E774575FC0}.Debug|Any CPU.ActiveCfg = Debug|Any CPU
		{68140195-19D3-4D33-9DEB-A2E774575FC0}.Debug|Any CPU.Build.0 = Debug|Any CPU
		{68140195-19D3-4D33-9DEB-A2E774575FC0}.Release|Any CPU.ActiveCfg = Release|Any CPU
		{68140195-19D3-4D33-9DEB-A2E774575FC0}.Release|Any CPU.Build.0 = Release|Any CPU
	EndGlobalSection
	GlobalSection(SolutionProperties) = preSolution
		HideSolutionNode = FALSE
	EndGlobalSection
	GlobalSection(ExtensibilityGlobals) = postSolution
		SolutionGuid = {F88BA2A4-9E05-4245-8CBA-BE01D253C435}
	EndGlobalSection
EndGlobal
